// !$*UTF8*$!
{
	archiveVersion = 1;
	classes = {
	};
	objectVersion = 46;
	objects = {

/* Begin PBXBuildFile section */
		E62D697F1CB761E9002F96C4 /* AppDelegate.swift in Sources */ = {isa = PBXBuildFile; fileRef = E62D697E1CB761E9002F96C4 /* AppDelegate.swift */; };
		E62D69811CB761E9002F96C4 /* ViewController.swift in Sources */ = {isa = PBXBuildFile; fileRef = E62D69801CB761E9002F96C4 /* ViewController.swift */; };
		E62D69831CB761E9002F96C4 /* Assets.xcassets in Resources */ = {isa = PBXBuildFile; fileRef = E62D69821CB761E9002F96C4 /* Assets.xcassets */; };
		E62D69861CB761E9002F96C4 /* Main.storyboard in Resources */ = {isa = PBXBuildFile; fileRef = E62D69841CB761E9002F96C4 /* Main.storyboard */; };
		E62D69931CB772CE002F96C4 /* Renderer.cpp in Sources */ = {isa = PBXBuildFile; fileRef = E62D69921CB772CE002F96C4 /* Renderer.cpp */; };
		E62D69951CB77352002F96C4 /* ObjCtoCplusplus.mm in Sources */ = {isa = PBXBuildFile; fileRef = E62D69941CB77352002F96C4 /* ObjCtoCplusplus.mm */; };
/* End PBXBuildFile section */

/* Begin PBXFileReference section */
		E62D697B1CB761E9002F96C4 /* harness2.app */ = {isa = PBXFileReference; explicitFileType = wrapper.application; includeInIndex = 0; path = harness2.app; sourceTree = BUILT_PRODUCTS_DIR; };
		E62D697E1CB761E9002F96C4 /* AppDelegate.swift */ = {isa = PBXFileReference; lastKnownFileType = sourcecode.swift; path = AppDelegate.swift; sourceTree = "<group>"; };
		E62D69801CB761E9002F96C4 /* ViewController.swift */ = {isa = PBXFileReference; lastKnownFileType = sourcecode.swift; path = ViewController.swift; sourceTree = "<group>"; };
		E62D69821CB761E9002F96C4 /* Assets.xcassets */ = {isa = PBXFileReference; lastKnownFileType = folder.assetcatalog; path = Assets.xcassets; sourceTree = "<group>"; };
		E62D69851CB761E9002F96C4 /* Base */ = {isa = PBXFileReference; lastKnownFileType = file.storyboard; name = Base; path = Base.lproj/Main.storyboard; sourceTree = "<group>"; };
		E62D69871CB761E9002F96C4 /* Info.plist */ = {isa = PBXFileReference; lastKnownFileType = text.plist.xml; path = Info.plist; sourceTree = "<group>"; };
		E62D69901CB772CD002F96C4 /* harness2-Bridging-Header.h */ = {isa = PBXFileReference; lastKnownFileType = sourcecode.c.h; path = "harness2-Bridging-Header.h"; sourceTree = "<group>"; };
		E62D69911CB772CE002F96C4 /* Renderer.h */ = {isa = PBXFileReference; fileEncoding = 4; lastKnownFileType = sourcecode.c.h; path = Renderer.h; sourceTree = "<group>"; };
		E62D69921CB772CE002F96C4 /* Renderer.cpp */ = {isa = PBXFileReference; fileEncoding = 4; lastKnownFileType = sourcecode.cpp.cpp; path = Renderer.cpp; sourceTree = "<group>"; };
		E62D69941CB77352002F96C4 /* ObjCtoCplusplus.mm */ = {isa = PBXFileReference; fileEncoding = 4; lastKnownFileType = sourcecode.cpp.objcpp; path = ObjCtoCplusplus.mm; sourceTree = "<group>"; };
		E62D69971CB77673002F96C4 /* ObjcObject.h */ = {isa = PBXFileReference; lastKnownFileType = sourcecode.c.h; path = ObjcObject.h; sourceTree = "<group>"; };
/* End PBXFileReference section */

/* Begin PBXFrameworksBuildPhase section */
		E62D69781CB761E9002F96C4 /* Frameworks */ = {
			isa = PBXFrameworksBuildPhase;
			buildActionMask = 2147483647;
			files = (
			);
			runOnlyForDeploymentPostprocessing = 0;
		};
/* End PBXFrameworksBuildPhase section */

/* Begin PBXGroup section */
		E62D69721CB761E9002F96C4 = {
			isa = PBXGroup;
			children = (
				E62D697D1CB761E9002F96C4 /* harness2 */,
				E62D697C1CB761E9002F96C4 /* Products */,
			);
			sourceTree = "<group>";
		};
		E62D697C1CB761E9002F96C4 /* Products */ = {
			isa = PBXGroup;
			children = (
				E62D697B1CB761E9002F96C4 /* harness2.app */,
			);
			name = Products;
			sourceTree = "<group>";
		};
		E62D697D1CB761E9002F96C4 /* harness2 */ = {
			isa = PBXGroup;
			children = (
				E62D69911CB772CE002F96C4 /* Renderer.h */,
				E62D69921CB772CE002F96C4 /* Renderer.cpp */,
				E62D697E1CB761E9002F96C4 /* AppDelegate.swift */,
				E62D69801CB761E9002F96C4 /* ViewController.swift */,
				E62D69821CB761E9002F96C4 /* Assets.xcassets */,
				E62D69841CB761E9002F96C4 /* Main.storyboard */,
				E62D69871CB761E9002F96C4 /* Info.plist */,
				E62D69901CB772CD002F96C4 /* harness2-Bridging-Header.h */,
				E62D69941CB77352002F96C4 /* ObjCtoCplusplus.mm */,
				E62D69971CB77673002F96C4 /* ObjcObject.h */,
			);
			path = harness2;
			sourceTree = "<group>";
		};
/* End PBXGroup section */

/* Begin PBXNativeTarget section */
		E62D697A1CB761E9002F96C4 /* harness2 */ = {
			isa = PBXNativeTarget;
			buildConfigurationList = E62D698A1CB761E9002F96C4 /* Build configuration list for PBXNativeTarget "harness2" */;
			buildPhases = (
				E62D69771CB761E9002F96C4 /* Sources */,
				E62D69781CB761E9002F96C4 /* Frameworks */,
				E62D69791CB761E9002F96C4 /* Resources */,
			);
			buildRules = (
			);
			dependencies = (
			);
			name = harness2;
			productName = harness2;
			productReference = E62D697B1CB761E9002F96C4 /* harness2.app */;
			productType = "com.apple.product-type.application";
		};
/* End PBXNativeTarget section */

/* Begin PBXProject section */
		E62D69731CB761E9002F96C4 /* Project object */ = {
			isa = PBXProject;
			attributes = {
				LastSwiftUpdateCheck = 0730;
				LastUpgradeCheck = 0730;
				ORGANIZATIONNAME = "Willem Ave";
				TargetAttributes = {
					E62D697A1CB761E9002F96C4 = {
						CreatedOnToolsVersion = 7.3;
					};
				};
			};
			buildConfigurationList = E62D69761CB761E9002F96C4 /* Build configuration list for PBXProject "harness2" */;
			compatibilityVersion = "Xcode 3.2";
			developmentRegion = English;
			hasScannedForEncodings = 0;
			knownRegions = (
				en,
				Base,
			);
			mainGroup = E62D69721CB761E9002F96C4;
			productRefGroup = E62D697C1CB761E9002F96C4 /* Products */;
			projectDirPath = "";
			projectRoot = "";
			targets = (
				E62D697A1CB761E9002F96C4 /* harness2 */,
			);
		};
/* End PBXProject section */

/* Begin PBXResourcesBuildPhase section */
		E62D69791CB761E9002F96C4 /* Resources */ = {
			isa = PBXResourcesBuildPhase;
			buildActionMask = 2147483647;
			files = (
				E62D69831CB761E9002F96C4 /* Assets.xcassets in Resources */,
				E62D69861CB761E9002F96C4 /* Main.storyboard in Resources */,
			);
			runOnlyForDeploymentPostprocessing = 0;
		};
/* End PBXResourcesBuildPhase section */

/* Begin PBXSourcesBuildPhase section */
		E62D69771CB761E9002F96C4 /* Sources */ = {
			isa = PBXSourcesBuildPhase;
			buildActionMask = 2147483647;
			files = (
				E62D69951CB77352002F96C4 /* ObjCtoCplusplus.mm in Sources */,
				E62D69931CB772CE002F96C4 /* Renderer.cpp in Sources */,
				E62D69811CB761E9002F96C4 /* ViewController.swift in Sources */,
				E62D697F1CB761E9002F96C4 /* AppDelegate.swift in Sources */,
			);
			runOnlyForDeploymentPostprocessing = 0;
		};
/* End PBXSourcesBuildPhase section */

/* Begin PBXVariantGroup section */
		E62D69841CB761E9002F96C4 /* Main.storyboard */ = {
			isa = PBXVariantGroup;
			children = (
				E62D69851CB761E9002F96C4 /* Base */,
			);
			name = Main.storyboard;
			sourceTree = "<group>";
		};
/* End PBXVariantGroup section */

/* Begin XCBuildConfiguration section */
		E62D69881CB761E9002F96C4 /* Debug */ = {
			isa = XCBuildConfiguration;
			buildSettings = {
				ALWAYS_SEARCH_USER_PATHS = NO;
				CLANG_ANALYZER_NONNULL = YES;
				CLANG_CXX_LANGUAGE_STANDARD = "gnu++0x";
				CLANG_CXX_LIBRARY = "libc++";
				CLANG_ENABLE_MODULES = YES;
				CLANG_ENABLE_OBJC_ARC = YES;
				CLANG_WARN_BOOL_CONVERSION = YES;
				CLANG_WARN_CONSTANT_CONVERSION = YES;
				CLANG_WARN_DIRECT_OBJC_ISA_USAGE = YES_ERROR;
				CLANG_WARN_EMPTY_BODY = YES;
				CLANG_WARN_ENUM_CONVERSION = YES;
				CLANG_WARN_INT_CONVERSION = YES;
				CLANG_WARN_OBJC_ROOT_CLASS = YES_ERROR;
				CLANG_WARN_UNREACHABLE_CODE = YES;
				CLANG_WARN__DUPLICATE_METHOD_MATCH = YES;
				CODE_SIGN_IDENTITY = "-";
				COPY_PHASE_STRIP = NO;
				DEBUG_INFORMATION_FORMAT = dwarf;
				ENABLE_STRICT_OBJC_MSGSEND = YES;
				ENABLE_TESTABILITY = YES;
				GCC_C_LANGUAGE_STANDARD = gnu99;
				GCC_DYNAMIC_NO_PIC = NO;
				GCC_NO_COMMON_BLOCKS = YES;
				GCC_OPTIMIZATION_LEVEL = 0;
				GCC_PREPROCESSOR_DEFINITIONS = (
					"DEBUG=1",
					"$(inherited)",
				);
				GCC_WARN_64_TO_32_BIT_CONVERSION = YES;
				GCC_WARN_ABOUT_RETURN_TYPE = YES_ERROR;
				GCC_WARN_UNDECLARED_SELECTOR = YES;
				GCC_WARN_UNINITIALIZED_AUTOS = YES_AGGRESSIVE;
				GCC_WARN_UNUSED_FUNCTION = YES;
				GCC_WARN_UNUSED_VARIABLE = YES;
				MACOSX_DEPLOYMENT_TARGET = 10.11;
				MTL_ENABLE_DEBUG_INFO = YES;
				ONLY_ACTIVE_ARCH = YES;
				SDKROOT = macosx;
				SWIFT_OPTIMIZATION_LEVEL = "-Onone";
			};
			name = Debug;
		};
		E62D69891CB761E9002F96C4 /* Release */ = {
			isa = XCBuildConfiguration;
			buildSettings = {
				ALWAYS_SEARCH_USER_PATHS = NO;
				CLANG_ANALYZER_NONNULL = YES;
				CLANG_CXX_LANGUAGE_STANDARD = "gnu++0x";
				CLANG_CXX_LIBRARY = "libc++";
				CLANG_ENABLE_MODULES = YES;
				CLANG_ENABLE_OBJC_ARC = YES;
				CLANG_WARN_BOOL_CONVERSION = YES;
				CLANG_WARN_CONSTANT_CONVERSION = YES;
				CLANG_WARN_DIRECT_OBJC_ISA_USAGE = YES_ERROR;
				CLANG_WARN_EMPTY_BODY = YES;
				CLANG_WARN_ENUM_CONVERSION = YES;
				CLANG_WARN_INT_CONVERSION = YES;
				CLANG_WARN_OBJC_ROOT_CLASS = YES_ERROR;
				CLANG_WARN_UNREACHABLE_CODE = YES;
				CLANG_WARN__DUPLICATE_METHOD_MATCH = YES;
				CODE_SIGN_IDENTITY = "-";
				COPY_PHASE_STRIP = NO;
				DEBUG_INFORMATION_FORMAT = "dwarf-with-dsym";
				ENABLE_NS_ASSERTIONS = NO;
				ENABLE_STRICT_OBJC_MSGSEND = YES;
				GCC_C_LANGUAGE_STANDARD = gnu99;
				GCC_NO_COMMON_BLOCKS = YES;
				GCC_WARN_64_TO_32_BIT_CONVERSION = YES;
				GCC_WARN_ABOUT_RETURN_TYPE = YES_ERROR;
				GCC_WARN_UNDECLARED_SELECTOR = YES;
				GCC_WARN_UNINITIALIZED_AUTOS = YES_AGGRESSIVE;
				GCC_WARN_UNUSED_FUNCTION = YES;
				GCC_WARN_UNUSED_VARIABLE = YES;
				MACOSX_DEPLOYMENT_TARGET = 10.11;
				MTL_ENABLE_DEBUG_INFO = NO;
				SDKROOT = macosx;
			};
			name = Release;
		};
		E62D698B1CB761E9002F96C4 /* Debug */ = {
			isa = XCBuildConfiguration;
			buildSettings = {
				ASSETCATALOG_COMPILER_APPICON_NAME = AppIcon;
				CLANG_ENABLE_MODULES = YES;
				COMBINE_HIDPI_IMAGES = YES;
				INFOPLIST_FILE = harness2/Info.plist;
				LD_RUNPATH_SEARCH_PATHS = "$(inherited) @executable_path/../Frameworks";
				PRODUCT_BUNDLE_IDENTIFIER = wave.harness2;
				PRODUCT_NAME = "$(TARGET_NAME)";
				SWIFT_OBJC_BRIDGING_HEADER = "harness2/harness2-Bridging-Header.h";
				SWIFT_OPTIMIZATION_LEVEL = "-Onone";
			};
			name = Debug;
		};
		E62D698C1CB761E9002F96C4 /* Release */ = {
			isa = XCBuildConfiguration;
			buildSettings = {
				ASSETCATALOG_COMPILER_APPICON_NAME = AppIcon;
				CLANG_ENABLE_MODULES = YES;
				COMBINE_HIDPI_IMAGES = YES;
				INFOPLIST_FILE = harness2/Info.plist;
				LD_RUNPATH_SEARCH_PATHS = "$(inherited) @executable_path/../Frameworks";
				PRODUCT_BUNDLE_IDENTIFIER = wave.harness2;
				PRODUCT_NAME = "$(TARGET_NAME)";
				SWIFT_OBJC_BRIDGING_HEADER = "harness2/harness2-Bridging-Header.h";
			};
			name = Release;
		};
/* End XCBuildConfiguration section */

/* Begin XCConfigurationList section */
		E62D69761CB761E9002F96C4 /* Build configuration list for PBXProject "harness2" */ = {
			isa = XCConfigurationList;
			buildConfigurations = (
				E62D69881CB761E9002F96C4 /* Debug */,
				E62D69891CB761E9002F96C4 /* Release */,
			);
			defaultConfigurationIsVisible = 0;
			defaultConfigurationName = Release;
		};
		E62D698A1CB761E9002F96C4 /* Build configuration list for PBXNativeTarget "harness2" */ = {
			isa = XCConfigurationList;
			buildConfigurations = (
				E62D698B1CB761E9002F96C4 /* Debug */,
				E62D698C1CB761E9002F96C4 /* Release */,
			);
			defaultConfigurationIsVisible = 0;
		};
/* End XCConfigurationList section */
	};
	rootObject = E62D69731CB761E9002F96C4 /* Project object */;
}
